
Microsoft Visual Studio Solution File, Format Version 12.00
# Visual Studio Version 17
VisualStudioVersion = 17.4.33122.133
MinimumVisualStudioVersion = 10.0.40219.1
Project("{FAE04EC0-301F-11D3-BF4B-00C04F79EFBC}") = "Color Picker", "Color Picker\Color Picker.csproj", "{6DEE5CD6-B91C-4047-9F78-3B8B6CBDA7C3}"
EndProject
Global
	GlobalSection(SolutionConfigurationPlatforms) = preSolution
		Debug|Any CPU = Debug|Any CPU
		Release|Any CPU = Release|Any CPU
	EndGlobalSection
	GlobalSection(ProjectConfigurationPlatforms) = postSolution
		{6DEE5CD6-B91C-4047-9F78-3B8B6CBDA7C3}.Debug|Any CPU.ActiveCfg = Debug|Any CPU
		{6DEE5CD6-B91C-4047-9F78-3B8B6CBDA7C3}.Debug|Any CPU.Build.0 = Debug|Any CPU
		{6DEE5CD6-B91C-4047-9F78-3B8B6CBDA7C3}.Release|Any CPU.ActiveCfg = Release|Any CPU
		{6DEE5CD6-B91C-4047-9F78-3B8B6CBDA7C3}.Release|Any CPU.Build.0 = Release|Any CPU
	EndGlobalSection
	GlobalSection(SolutionProperties) = preSolution
		HideSolutionNode = FALSE
	EndGlobalSection
	GlobalSection(ExtensibilityGlobals) = postSolution
		SolutionGuid = {ED05122A-DD77-4552-8DD8-CD3C509C79B8}
	EndGlobalSection
EndGlobal
